GIT
  remote: https://github.com/DEFRA/quke
  revision: 0e84c7d4fc7b1a6a238036fb0feaa3575553e3ec
  branch: main
  specs:
    quke (0.11.0)
      browserstack-local
      capybara (~> 3.40)
      cucumber (~> 11.0)
      launchy (~> 3.1)
      rspec-expectations (~> 3.13)
      selenium-webdriver (~> 4.43)
      site_prism (~> 6.0)

GEM
  remote: https://rubygems.org/
  specs:
    activemodel (8.1.3)
      activesupport (= 8.1.3)
    activesupport (8.1.3)
      base64
      bigdecimal
      concurrent-ruby (~> 1.0, >= 1.3.1)
      connection_pool (>= 2.2.5)
      drb
      i18n (>= 1.6, < 2)
      json
      logger (>= 1.4.2)
      minitest (>= 5.1)
      securerandom (>= 0.3)
      tzinfo (~> 2.0, >= 2.0.5)
      uri (>= 0.13.1)
    addressable (2.9.0)
      public_suffix (>= 2.0.2, < 8.0)
    ast (2.4.3)
    base64 (0.3.0)
    bigdecimal (4.1.2)
    browserstack-local (1.4.3)
    builder (3.3.0)
    capybara (3.40.0)
      addressable
      matrix
      mini_mime (>= 0.1.3)
      nokogiri (~> 1.11)
      rack (>= 1.6.0)
      rack-test (>= 0.6.3)
      regexp_parser (>= 1.5, < 3.0)
      xpath (~> 3.2)
    childprocess (5.1.0)
      logger (~> 1.5)
    concurrent-ruby (1.3.6)
    connection_pool (3.0.2)
    cucumber (11.0.0)
      base64 (~> 0.2)
      builder (~> 3.2)
      cucumber-ci-environment (> 9, < 12)
      cucumber-core (>= 16.2.0, < 17)
      cucumber-cucumber-expressions (> 17, < 20)
      cucumber-html-formatter (> 21, < 24)
      diff-lcs (~> 1.5)
      logger (~> 1.6)
      mini_mime (~> 1.1)
      multi_test (~> 1.1)
      sys-uname (~> 1.5)
    cucumber-ci-environment (11.0.0)
    cucumber-core (16.2.0)
      cucumber-gherkin (> 36, < 40)
      cucumber-messages (> 31, < 33)
      cucumber-tag-expressions (> 6, < 9)
    cucumber-cucumber-expressions (19.0.0)
      bigdecimal
    cucumber-gherkin (39.1.0)
      cucumber-messages (>= 31, < 33)
    cucumber-html-formatter (23.1.0)
      cucumber-messages (> 23, < 33)
    cucumber-messages (32.3.1)
    cucumber-tag-expressions (8.1.0)
    defra_ruby_style (0.4.1)
    defra_ruby_validators (2.7.2)
      activemodel
      i18n
      matrix
      os_map_ref
      phonelib
      rest-client (~> 2.0)
      uk_postcode
      validates_email_format_of
    diff-lcs (1.6.2)
    domain_name (0.6.20240107)
    drb (2.2.3)
    ffi (1.17.4-x86_64-darwin)
    ffi (1.17.4-x86_64-linux-gnu)
    http-accept (1.7.0)
    http-cookie (1.1.6)
      domain_name (~> 0.5)
    i18n (1.14.8)
      concurrent-ruby (~> 1.0)
    json (2.19.5)
    language_server-protocol (3.17.0.5)
    launchy (3.1.1)
      addressable (~> 2.8)
      childprocess (~> 5.0)
      logger (~> 1.6)
    lint_roller (1.1.0)
    logger (1.7.0)
    matrix (0.4.3)
    memoist3 (1.0.0)
    mime-types (3.7.0)
      logger
      mime-types-data (~> 3.2025, >= 3.2025.0507)
    mime-types-data (3.2026.0414)
    mini_mime (1.1.5)
    minitest (6.0.6)
      drb (~> 2.0)
      prism (~> 1.5)
    multi_test (1.1.0)
    netrc (0.11.0)
    nokogiri (1.19.3-x86_64-darwin)
      racc (~> 1.4)
    nokogiri (1.19.3-x86_64-linux-gnu)
      racc (~> 1.4)
    os_map_ref (0.5.0)
    parallel (2.1.0)
    parser (3.3.11.1)
      ast (~> 2.4.1)
      racc
    phonelib (0.10.20)
    prism (1.9.0)
    public_suffix (7.0.5)
    racc (1.8.1)
    rack (3.2.6)
    rack-test (2.2.0)
      rack (>= 1.3)
    rainbow (3.1.1)
    rake (13.4.2)
    regexp_parser (2.12.0)
    rest-client (2.1.0)
      http-accept (>= 1.7.0, < 2.0)
      http-cookie (>= 1.0.2, < 2.0)
      mime-types (>= 1.16, < 4.0)
      netrc (~> 0.8)
    rexml (3.4.4)
    rspec-expectations (3.13.5)
      diff-lcs (>= 1.2.0, < 2.0)
      rspec-support (~> 3.13.0)
    rspec-support (3.13.7)
    rubocop (1.86.2)
      json (~> 2.3)
      language_server-protocol (~> 3.17.0.2)
      lint_roller (~> 1.1.0)
      parallel (>= 1.10)
      parser (>= 3.3.0.2)
      rainbow (>= 2.2.2, < 4.0)
      regexp_parser (>= 2.9.3, < 3.0)
      rubocop-ast (>= 1.49.0, < 2.0)
      ruby-progressbar (~> 1.7)
      unicode-display_width (>= 2.4.0, < 4.0)
    rubocop-ast (1.49.1)
      parser (>= 3.3.7.2)
      prism (~> 1.7)
    rubocop-factory_bot (2.28.0)
      lint_roller (~> 1.1)
      rubocop (~> 1.72, >= 1.72.1)
    rubocop-rake (0.7.1)
      lint_roller (~> 1.1)
      rubocop (>= 1.72.1)
    rubocop-rspec (3.9.0)
      lint_roller (~> 1.1)
      rubocop (~> 1.81)
    ruby-progressbar (1.13.0)
    rubyzip (3.3.0)
    securerandom (0.4.1)
    selenium-webdriver (4.44.0)
      base64 (~> 0.2)
      logger (~> 1.4)
      rexml (~> 3.2, >= 3.2.5)
      rubyzip (>= 1.2.2, < 4.0)
      websocket (~> 1.0)
    simpleidn (0.2.3)
    site_prism (6.0)
      addressable (~> 2.8, >= 2.8.4)
      base64 (~> 0.3.0)
      capybara (~> 3.37)
      logger (~> 1.7)
      site_prism-all_there (> 3, < 5)
    site_prism-all_there (3.0.8)
    sys-uname (1.5.1)
      ffi (~> 1.1)
      memoist3 (~> 1.0.0)
    tzinfo (2.0.6)
      concurrent-ruby (~> 1.0)
    uk_postcode (2.1.8)
    unicode-display_width (3.2.0)
      unicode-emoji (~> 4.1)
    unicode-emoji (4.2.0)
    uri (1.1.1)
    validates_email_format_of (1.8.2)
      i18n (>= 0.8.0)
      simpleidn
    websocket (1.2.11)
    xpath (3.2.0)
      nokogiri (~> 1.8)

PLATFORMS
  ruby

DEPENDENCIES
  defra_ruby_style
  defra_ruby_validators (~> 2.7)
  matrix (~> 0.4.2)
  quke!
  rake
  rubocop-factory_bot
  rubocop-rake
  rubocop-rspec

BUNDLED WITH
  4.0.11
